{
  "version": 4,
  "terraform_version": "0.13.4",
  "serial": 15,
  "lineage": "5c0f5f96-cd81-5e9d-cfaf-542b6f23179b",
  "outputs": {},
  "resources": [
    {
      "mode": "managed",
      "type": "digitalocean_domain",
      "name": "qcode",
      "provider": "provider[\"registry.terraform.io/digitalocean/digitalocean\"]",
      "instances": [
        {
          "schema_version": 0,
          "attributes": {
            "id": "qcode.co",
            "ip_address": null,
            "name": "qcode.co",
            "urn": "do:domain:qcode.co"
          },
          "private": "bnVsbA=="
        }
      ]
    },
    {
      "mode": "managed",
      "type": "digitalocean_droplet",
      "name": "web",
      "provider": "provider[\"registry.terraform.io/digitalocean/digitalocean\"]",
      "instances": [
        {
          "schema_version": 1,
          "attributes": {
            "backups": false,
            "created_at": "2020-11-08T13:41:05Z",
            "disk": 25,
            "id": "215930101",
            "image": "ubuntu-18-04-x64",
            "ipv4_address": "104.248.62.208",
            "ipv4_address_private": "10.116.0.2",
            "ipv6": false,
            "ipv6_address": "",
            "locked": false,
            "memory": 1024,
            "monitoring": false,
            "name": "web-1",
            "price_hourly": 0.00744,
            "price_monthly": 5,
            "private_networking": true,
            "region": "nyc1",
            "resize_disk": true,
            "size": "s-1vcpu-1gb",
            "ssh_keys": [
              "2d:54:5d:44:22:27:2d:36:7b:9b:ec:7c:5b:17:29:fb"
            ],
            "status": "active",
            "tags": [],
            "urn": "do:droplet:215930101",
            "user_data": "62a6a8bf0ec953563b771e9ffd10570ad046cb89",
            "vcpus": 1,
            "volume_ids": [],
            "vpc_uuid": "71c94041-152a-47fe-bbe1-f2f40b7d71a1"
          },
          "private": "eyJzY2hlbWFfdmVyc2lvbiI6IjEifQ==",
          "dependencies": [
            "digitalocean_ssh_key.qcode"
          ]
        }
      ]
    },
    {
      "mode": "managed",
      "type": "digitalocean_record",
      "name": "www",
      "provider": "provider[\"registry.terraform.io/digitalocean/digitalocean\"]",
      "instances": [
        {
          "schema_version": 0,
          "attributes": {
            "domain": "qcode.co",
            "flags": 0,
            "fqdn": "qcode.qcode.co",
            "id": "120576210",
            "name": "qcode",
            "port": 0,
            "priority": 0,
            "tag": "",
            "ttl": 30,
            "type": "A",
            "value": "104.248.62.208",
            "weight": 0
          },
          "private": "bnVsbA==",
          "dependencies": [
            "digitalocean_domain.qcode",
            "digitalocean_droplet.web"
          ]
        }
      ]
    },
    {
      "mode": "managed",
      "type": "digitalocean_ssh_key",
      "name": "qcode",
      "provider": "provider[\"registry.terraform.io/digitalocean/digitalocean\"]",
      "instances": [
        {
          "schema_version": 0,
          "attributes": {
            "fingerprint": "2d:54:5d:44:22:27:2d:36:7b:9b:ec:7c:5b:17:29:fb",
            "id": "28905955",
            "name": "qcode",
            "public_key": "ssh-rsa AAAAB3NzaC1yc2EAAAABJQAAAQEAsX2iNKDHhDox18FXrQA4NisQc2UGTKWha8ANqRpWDbUzDwvPPQtRmG81ps51wSRpVJBU6IqRlZ4ciMvMEJg2XuFNXsPOKbA4jud8+poRwYsKhK48Sm4B+WTtq0Yr/5uxAdONVEz7L05kE1RHSjwJOHZDhjKyXfyWx8AxH1qEzHT9UMOBrTtzQ2lSI3QrylFYSx+hOEAJbEutlE0rlHGm5gj2auFQD9Fg6aFXPh8w+EG0m7yYabfZTc6XI2coNkIoEM8YuXBaSBfabQKw2T2zjes0RoNpx09mp154mCxVlOr+TzFumu1o1quoU5t3ov7+LsUEQ/ujY0FolmHtF/vJlw== rsa-key-20201108"
          },
          "private": "bnVsbA=="
        }
      ]
    }
  ]
}
